
Microsoft Visual Studio Solution File, Format Version 12.00
# Visual Studio 15
VisualStudioVersion = 15.0.28307.168
MinimumVisualStudioVersion = 10.0.40219.1
Project("{FAE04EC0-301F-11D3-BF4B-00C04F79EFBC}") = "VL.DataCorrection", "VL.DataCorrection\VL.DataCorrection.csproj", "{FAC96C01-2155-482B-B846-76BE0D66E3BD}"
EndProject
Global
	GlobalSection(SolutionConfigurationPlatforms) = preSolution
		Debug|Any CPU = Debug|Any CPU
		Release|Any CPU = Release|Any CPU
	EndGlobalSection
	GlobalSection(ProjectConfigurationPlatforms) = postSolution
		{FAC96C01-2155-482B-B846-76BE0D66E3BD}.Debug|Any CPU.ActiveCfg = Debug|Any CPU
		{FAC96C01-2155-482B-B846-76BE0D66E3BD}.Debug|Any CPU.Build.0 = Debug|Any CPU
		{FAC96C01-2155-482B-B846-76BE0D66E3BD}.Release|Any CPU.ActiveCfg = Release|Any CPU
		{FAC96C01-2155-482B-B846-76BE0D66E3BD}.Release|Any CPU.Build.0 = Release|Any CPU
	EndGlobalSection
	GlobalSection(SolutionProperties) = preSolution
		HideSolutionNode = FALSE
	EndGlobalSection
	GlobalSection(ExtensibilityGlobals) = postSolution
		SolutionGuid = {2BDFCA41-8C7C-4FD0-BEB6-D26A4A8433CA}
	EndGlobalSection
EndGlobal
